
Microsoft Visual Studio Solution File, Format Version 10.00
# Visual C# Express 2008
Project("{FAE04EC0-301F-11D3-BF4B-00C04F79EFBC}") = "Hardline Dreams MxO server", "hds\Hardline Dreams MxO server.csproj", "{F0E0C963-9349-4770-A5E4-40A80B5C685D}"
EndProject
Global
	GlobalSection(SolutionConfigurationPlatforms) = preSolution
		Debug|Any CPU = Debug|Any CPU
		Debug|x64 = Debug|x64
		Debug|x86 = Debug|x86
		Release|Any CPU = Release|Any CPU
		Release|x64 = Release|x64
		Release|x86 = Release|x86
	EndGlobalSection
	GlobalSection(ProjectConfigurationPlatforms) = postSolution
		{F0E0C963-9349-4770-A5E4-40A80B5C685D}.Debug|Any CPU.ActiveCfg = Debug|Any CPU
		{F0E0C963-9349-4770-A5E4-40A80B5C685D}.Debug|Any CPU.Build.0 = Debug|Any CPU
		{F0E0C963-9349-4770-A5E4-40A80B5C685D}.Debug|x64.ActiveCfg = Debug|x64
		{F0E0C963-9349-4770-A5E4-40A80B5C685D}.Debug|x64.Build.0 = Debug|x64
		{F0E0C963-9349-4770-A5E4-40A80B5C685D}.Debug|x86.ActiveCfg = Debug|x86
		{F0E0C963-9349-4770-A5E4-40A80B5C685D}.Debug|x86.Build.0 = Debug|x86
		{F0E0C963-9349-4770-A5E4-40A80B5C685D}.Release|Any CPU.ActiveCfg = Release|Any CPU
		{F0E0C963-9349-4770-A5E4-40A80B5C685D}.Release|Any CPU.Build.0 = Release|Any CPU
		{F0E0C963-9349-4770-A5E4-40A80B5C685D}.Release|x64.ActiveCfg = Release|x64
		{F0E0C963-9349-4770-A5E4-40A80B5C685D}.Release|x64.Build.0 = Release|x64
		{F0E0C963-9349-4770-A5E4-40A80B5C685D}.Release|x86.ActiveCfg = Release|x86
		{F0E0C963-9349-4770-A5E4-40A80B5C685D}.Release|x86.Build.0 = Release|x86
	EndGlobalSection
	GlobalSection(SolutionProperties) = preSolution
		HideSolutionNode = FALSE
	EndGlobalSection
	GlobalSection(MonoDevelopProperties) = preSolution
		StartupItem = hds\Hardline Dreams MxO server.csproj
	EndGlobalSection
EndGlobal
